
Microsoft Visual Studio Solution File, Format Version 12.00
# Visual Studio Version 17
VisualStudioVersion = 17.3.32901.215
MinimumVisualStudioVersion = 10.0.40219.1
Project("{FAE04EC0-301F-11D3-BF4B-00C04F79EFBC}") = "RetoHotelesM06", "RetoHotelesM06\RetoHotelesM06.csproj", "{EC606F9C-2B84-433F-B6BB-1F10180AFCB3}"
EndProject
Global
	GlobalSection(SolutionConfigurationPlatforms) = preSolution
		Debug|Any CPU = Debug|Any CPU
		Release|Any CPU = Release|Any CPU
	EndGlobalSection
	GlobalSection(ProjectConfigurationPlatforms) = postSolution
		{EC606F9C-2B84-433F-B6BB-1F10180AFCB3}.Debug|Any CPU.ActiveCfg = Debug|Any CPU
		{EC606F9C-2B84-433F-B6BB-1F10180AFCB3}.Debug|Any CPU.Build.0 = Debug|Any CPU
		{EC606F9C-2B84-433F-B6BB-1F10180AFCB3}.Release|Any CPU.ActiveCfg = Release|Any CPU
		{EC606F9C-2B84-433F-B6BB-1F10180AFCB3}.Release|Any CPU.Build.0 = Release|Any CPU
	EndGlobalSection
	GlobalSection(SolutionProperties) = preSolution
		HideSolutionNode = FALSE
	EndGlobalSection
	GlobalSection(ExtensibilityGlobals) = postSolution
		SolutionGuid = {3954A327-F0BC-48F5-ACF4-3DC4CFB068F2}
	EndGlobalSection
EndGlobal
